dependencies:
- name: redis
  repository: https://charts.bitnami.com/bitnami
  version: 17.7.3
- name: elasticsearch
  repository: https://charts.bitnami.com/bitnami
  version: 19.5.12
- name: common
  repository: https://bjw-s-labs.github.io/helm-charts/
  version: 4.6.2
digest: sha256:dea90a94b2026c0d43b3204c7cf1c3ccb3c6aef06be7639cd3f2c80c0061c207
generated: "2026-01-19T22:03:57.483703604+01:00"
