dependencies:
- name: redis
  repository: https://charts.bitnami.com/bitnami
  version: 17.7.3
- name: elasticsearch
  repository: https://charts.bitnami.com/bitnami
  version: 22.1.6
- name: common
  repository: https://bjw-s-labs.github.io/helm-charts/
  version: 4.6.2
digest: sha256:726106208a848134d61b08afbcfdf4eb3d2bdcf404e8283993012fd21e66650f
generated: "2026-01-19T22:42:39.70883409+01:00"
